Microsoft Visual Studio Solution File, Format Version 11.00
# Visual Studio 2008

Project("{9A97A72A-4C28-AD6E-46DF-E1370DC6BAB5}") = "Dobble", "Assembly-CSharp-firstpass-vs.csproj", "{1CD8EDC6-0897-A8B0-0D39-D0A275F8BFCA}"
EndProject
Project("{9A97A72A-4C28-AD6E-46DF-E1370DC6BAB5}") = "Dobble", "Assembly-CSharp-vs.csproj", "{D53B3C11-BB16-5F00-C16D-9926332A6365}"
EndProject
Global
	GlobalSection(SolutionConfigurationPlatforms) = preSolution
		Debug|Any CPU = Debug|Any CPU
		Release|Any CPU = Release|Any CPU
	EndGlobalSection
	GlobalSection(ProjectConfigurationPlatforms) = postSolution
		{1CD8EDC6-0897-A8B0-0D39-D0A275F8BFCA}.Debug|Any CPU.ActiveCfg = Debug|Any CPU
		{1CD8EDC6-0897-A8B0-0D39-D0A275F8BFCA}.Debug|Any CPU.Build.0 = Debug|Any CPU
		{1CD8EDC6-0897-A8B0-0D39-D0A275F8BFCA}.Release|Any CPU.ActiveCfg = Release|Any CPU
		{1CD8EDC6-0897-A8B0-0D39-D0A275F8BFCA}.Release|Any CPU.Build.0 = Release|Any CPU
		{D53B3C11-BB16-5F00-C16D-9926332A6365}.Debug|Any CPU.ActiveCfg = Debug|Any CPU
		{D53B3C11-BB16-5F00-C16D-9926332A6365}.Debug|Any CPU.Build.0 = Debug|Any CPU
		{D53B3C11-BB16-5F00-C16D-9926332A6365}.Release|Any CPU.ActiveCfg = Release|Any CPU
		{D53B3C11-BB16-5F00-C16D-9926332A6365}.Release|Any CPU.Build.0 = Release|Any CPU
	EndGlobalSection
	GlobalSection(SolutionProperties) = preSolution
		HideSolutionNode = FALSE
	EndGlobalSection
															GlobalSection(MonoDevelopProperties) = preSolution
		StartupItem = Assembly-CSharp.csproj
	EndGlobalSection

EndGlobal
